
Microsoft Visual Studio Solution File, Format Version 10.00
# Visual Studio 2008
Project("{8BC9CEB8-8B4A-11D0-8D11-00A0C91BC942}") = "CAATest4", "CAATest4.vcproj", "{07649645-A8C5-4582-9705-0311730C19FE}"
EndProject
Project("{8BC9CEB8-8B4A-11D0-8D11-00A0C91BC942}") = "DrwConsole.m", "CAATest4\DrwConsole.m.vcproj", "{E7FFBC7D-83A4-4D13-AD08-AF716A278492}"
EndProject
Project("{8BC9CEB8-8B4A-11D0-8D11-00A0C91BC942}") = "CAATest1", "CAATest1.vcproj", "{3A1998E0-05CE-44C2-909F-9AFFA5BF25AB}"
EndProject
Project("{8BC9CEB8-8B4A-11D0-8D11-00A0C91BC942}") = "CAATest2", "CAATest2.vcproj", "{C0293EE0-5428-4FB5-92F4-A0E738EDCD0A}"
EndProject
Project("{8BC9CEB8-8B4A-11D0-8D11-00A0C91BC942}") = "CAATest3", "CAATest3.vcproj", "{71C73977-4F12-477D-A2CA-86C9C06638C7}"
EndProject
Project("{8BC9CEB8-8B4A-11D0-8D11-00A0C91BC942}") = "CAATest5", "CAATest5.vcproj", "{C4387899-7D41-4433-A288-21E4B5396347}"
EndProject
Project("{8BC9CEB8-8B4A-11D0-8D11-00A0C91BC942}") = "CAAWindowTest1.m", "CAATest1\CAAWindowTest1.m.vcproj", "{9595143E-427E-41A4-8642-2CB89BF69127}"
EndProject
Project("{8BC9CEB8-8B4A-11D0-8D11-00A0C91BC942}") = "Addin.m", "CAATest2\Addin.m.vcproj", "{92796158-F130-4F63-BDFE-BBC0A6919F2A}"
EndProject
Project("{8BC9CEB8-8B4A-11D0-8D11-00A0C91BC942}") = "HelloWindow.m", "CAATest2\HelloWindow.m.vcproj", "{93DED797-8268-4329-A454-13FCBA4FE1FA}"
EndProject
Project("{8BC9CEB8-8B4A-11D0-8D11-00A0C91BC942}") = "AddinT3.m", "CAATest3\AddinT3.m.vcproj", "{8C04C3A5-5DBC-46CF-BFE7-0A427D97794F}"
EndProject
Project("{8BC9CEB8-8B4A-11D0-8D11-00A0C91BC942}") = "SelT3.m", "CAATest3\SelT3.m.vcproj", "{510E62BC-0541-41BE-A468-C16808CD297B}"
EndProject
Project("{8BC9CEB8-8B4A-11D0-8D11-00A0C91BC942}") = "DrwSection.m", "CAATest5\DrwSection.m.vcproj", "{376DD97C-5110-4055-9053-CCEC7E1F9D9A}"
EndProject
Global
	GlobalSection(SolutionConfigurationPlatforms) = preSolution
		Debug|Win32 = Debug|Win32
		Release|Win32 = Release|Win32
	EndGlobalSection
	GlobalSection(ProjectConfigurationPlatforms) = postSolution
		{07649645-A8C5-4582-9705-0311730C19FE}.Debug|Win32.ActiveCfg = Debug|Win32
		{07649645-A8C5-4582-9705-0311730C19FE}.Release|Win32.ActiveCfg = Release|Win32
		{E7FFBC7D-83A4-4D13-AD08-AF716A278492}.Debug|Win32.ActiveCfg = Debug|Win32
		{E7FFBC7D-83A4-4D13-AD08-AF716A278492}.Release|Win32.ActiveCfg = Release|Win32
		{3A1998E0-05CE-44C2-909F-9AFFA5BF25AB}.Debug|Win32.ActiveCfg = Debug|Win32
		{3A1998E0-05CE-44C2-909F-9AFFA5BF25AB}.Release|Win32.ActiveCfg = Release|Win32
		{C0293EE0-5428-4FB5-92F4-A0E738EDCD0A}.Debug|Win32.ActiveCfg = Debug|Win32
		{C0293EE0-5428-4FB5-92F4-A0E738EDCD0A}.Release|Win32.ActiveCfg = Release|Win32
		{71C73977-4F12-477D-A2CA-86C9C06638C7}.Debug|Win32.ActiveCfg = Debug|Win32
		{71C73977-4F12-477D-A2CA-86C9C06638C7}.Release|Win32.ActiveCfg = Release|Win32
		{C4387899-7D41-4433-A288-21E4B5396347}.Debug|Win32.ActiveCfg = Debug|Win32
		{C4387899-7D41-4433-A288-21E4B5396347}.Release|Win32.ActiveCfg = Release|Win32
		{9595143E-427E-41A4-8642-2CB89BF69127}.Debug|Win32.ActiveCfg = Debug|Win32
		{9595143E-427E-41A4-8642-2CB89BF69127}.Release|Win32.ActiveCfg = Release|Win32
		{92796158-F130-4F63-BDFE-BBC0A6919F2A}.Debug|Win32.ActiveCfg = Debug|Win32
		{92796158-F130-4F63-BDFE-BBC0A6919F2A}.Release|Win32.ActiveCfg = Release|Win32
		{93DED797-8268-4329-A454-13FCBA4FE1FA}.Debug|Win32.ActiveCfg = Debug|Win32
		{93DED797-8268-4329-A454-13FCBA4FE1FA}.Release|Win32.ActiveCfg = Release|Win32
		{8C04C3A5-5DBC-46CF-BFE7-0A427D97794F}.Debug|Win32.ActiveCfg = Debug|Win32
		{8C04C3A5-5DBC-46CF-BFE7-0A427D97794F}.Release|Win32.ActiveCfg = Release|Win32
		{510E62BC-0541-41BE-A468-C16808CD297B}.Debug|Win32.ActiveCfg = Debug|Win32
		{510E62BC-0541-41BE-A468-C16808CD297B}.Release|Win32.ActiveCfg = Release|Win32
		{376DD97C-5110-4055-9053-CCEC7E1F9D9A}.Debug|Win32.ActiveCfg = Debug|Win32
		{376DD97C-5110-4055-9053-CCEC7E1F9D9A}.Release|Win32.ActiveCfg = Release|Win32
	EndGlobalSection
	GlobalSection(SolutionProperties) = preSolution
		HideSolutionNode = FALSE
	EndGlobalSection
EndGlobal
